// !$*UTF8*$!
{
	archiveVersion = 1;
	classes = {
	};
	objectVersion = 55;
	objects = {

/* Begin PBXBuildFile section */
		780067E534A4539B00400D9C /* Pods_lesson1.framework in Frameworks */ = {isa = PBXBuildFile; fileRef = 0B4B5AD620669D7F24F8DFFD /* Pods_lesson1.framework */; };
		F5254E1627B3F2D200FA62CA /* AppDelegate.swift in Sources */ = {isa = PBXBuildFile; fileRef = F5254E1527B3F2D200FA62CA /* AppDelegate.swift */; };
		F5254E1827B3F2D200FA62CA /* SceneDelegate.swift in Sources */ = {isa = PBXBuildFile; fileRef = F5254E1727B3F2D200FA62CA /* SceneDelegate.swift */; };
		F5254E1A27B3F2D200FA62CA /* ViewController.swift in Sources */ = {isa = PBXBuildFile; fileRef = F5254E1927B3F2D200FA62CA /* ViewController.swift */; };
		F5254E1D27B3F2D200FA62CA /* Main.storyboard in Resources */ = {isa = PBXBuildFile; fileRef = F5254E1B27B3F2D200FA62CA /* Main.storyboard */; };
		F5254E1F27B3F2D400FA62CA /* Assets.xcassets in Resources */ = {isa = PBXBuildFile; fileRef = F5254E1E27B3F2D400FA62CA /* Assets.xcassets */; };
		F5254E2227B3F2D400FA62CA /* LaunchScreen.storyboard in Resources */ = {isa = PBXBuildFile; fileRef = F5254E2027B3F2D400FA62CA /* LaunchScreen.storyboard */; };
		F5254E2A27B4079F00FA62CA /* MainController.swift in Sources */ = {isa = PBXBuildFile; fileRef = F5254E2927B4079F00FA62CA /* MainController.swift */; };
		F5254E2C27B7C63600FA62CA /* ForgotPassword.swift in Sources */ = {isa = PBXBuildFile; fileRef = F5254E2B27B7C63600FA62CA /* ForgotPassword.swift */; };
		F5254E2E27B7C9F000FA62CA /* Register.swift in Sources */ = {isa = PBXBuildFile; fileRef = F5254E2D27B7C9EF00FA62CA /* Register.swift */; };
		F5254E3027B7CACA00FA62CA /* InfoFromLogin.swift in Sources */ = {isa = PBXBuildFile; fileRef = F5254E2F27B7CACA00FA62CA /* InfoFromLogin.swift */; };
		F5254E3227B7CF3400FA62CA /* Help.swift in Sources */ = {isa = PBXBuildFile; fileRef = F5254E3127B7CF3400FA62CA /* Help.swift */; };
/* End PBXBuildFile section */

/* Begin PBXFileReference section */
		0B4B5AD620669D7F24F8DFFD /* Pods_lesson1.framework */ = {isa = PBXFileReference; explicitFileType = wrapper.framework; includeInIndex = 0; path = Pods_lesson1.framework; sourceTree = BUILT_PRODUCTS_DIR; };
		3CAF13BBF281DC081268E7DA /* Pods-lesson1.debug.xcconfig */ = {isa = PBXFileReference; includeInIndex = 1; lastKnownFileType = text.xcconfig; name = "Pods-lesson1.debug.xcconfig"; path = "Target Support Files/Pods-lesson1/Pods-lesson1.debug.xcconfig"; sourceTree = "<group>"; };
		7F470978CF59E0533B8F0282 /* Pods-lesson1.release.xcconfig */ = {isa = PBXFileReference; includeInIndex = 1; lastKnownFileType = text.xcconfig; name = "Pods-lesson1.release.xcconfig"; path = "Target Support Files/Pods-lesson1/Pods-lesson1.release.xcconfig"; sourceTree = "<group>"; };
		F5254E1227B3F2D200FA62CA /* lesson1.app */ = {isa = PBXFileReference; explicitFileType = wrapper.application; includeInIndex = 0; path = lesson1.app; sourceTree = BUILT_PRODUCTS_DIR; };
		F5254E1527B3F2D200FA62CA /* AppDelegate.swift */ = {isa = PBXFileReference; lastKnownFileType = sourcecode.swift; path = AppDelegate.swift; sourceTree = "<group>"; };
		F5254E1727B3F2D200FA62CA /* SceneDelegate.swift */ = {isa = PBXFileReference; lastKnownFileType = sourcecode.swift; path = SceneDelegate.swift; sourceTree = "<group>"; };
		F5254E1927B3F2D200FA62CA /* ViewController.swift */ = {isa = PBXFileReference; lastKnownFileType = sourcecode.swift; path = ViewController.swift; sourceTree = "<group>"; };
		F5254E1C27B3F2D200FA62CA /* Base */ = {isa = PBXFileReference; lastKnownFileType = file.storyboard; name = Base; path = Base.lproj/Main.storyboard; sourceTree = "<group>"; };
		F5254E1E27B3F2D400FA62CA /* Assets.xcassets */ = {isa = PBXFileReference; lastKnownFileType = folder.assetcatalog; path = Assets.xcassets; sourceTree = "<group>"; };
		F5254E2127B3F2D400FA62CA /* Base */ = {isa = PBXFileReference; lastKnownFileType = file.storyboard; name = Base; path = Base.lproj/LaunchScreen.storyboard; sourceTree = "<group>"; };
		F5254E2327B3F2D400FA62CA /* Info.plist */ = {isa = PBXFileReference; lastKnownFileType = text.plist.xml; path = Info.plist; sourceTree = "<group>"; };
		F5254E2927B4079F00FA62CA /* MainController.swift */ = {isa = PBXFileReference; lastKnownFileType = sourcecode.swift; path = MainController.swift; sourceTree = "<group>"; };
		F5254E2B27B7C63600FA62CA /* ForgotPassword.swift */ = {isa = PBXFileReference; lastKnownFileType = sourcecode.swift; path = ForgotPassword.swift; sourceTree = "<group>"; };
		F5254E2D27B7C9EF00FA62CA /* Register.swift */ = {isa = PBXFileReference; lastKnownFileType = sourcecode.swift; path = Register.swift; sourceTree = "<group>"; };
		F5254E2F27B7CACA00FA62CA /* InfoFromLogin.swift */ = {isa = PBXFileReference; lastKnownFileType = sourcecode.swift; path = InfoFromLogin.swift; sourceTree = "<group>"; };
		F5254E3127B7CF3400FA62CA /* Help.swift */ = {isa = PBXFileReference; lastKnownFileType = sourcecode.swift; path = Help.swift; sourceTree = "<group>"; };
/* End PBXFileReference section */

/* Begin PBXFrameworksBuildPhase section */
		F5254E0F27B3F2D200FA62CA /* Frameworks */ = {
			isa = PBXFrameworksBuildPhase;
			buildActionMask = 2147483647;
			files = (
				780067E534A4539B00400D9C /* Pods_lesson1.framework in Frameworks */,
			);
			runOnlyForDeploymentPostprocessing = 0;
		};
/* End PBXFrameworksBuildPhase section */

/* Begin PBXGroup section */
		55A8C1E659CB5AEF533DAFE1 /* Frameworks */ = {
			isa = PBXGroup;
			children = (
				0B4B5AD620669D7F24F8DFFD /* Pods_lesson1.framework */,
			);
			name = Frameworks;
			sourceTree = "<group>";
		};
		A95A25032CA419ABA722B72E /* Pods */ = {
			isa = PBXGroup;
			children = (
				3CAF13BBF281DC081268E7DA /* Pods-lesson1.debug.xcconfig */,
				7F470978CF59E0533B8F0282 /* Pods-lesson1.release.xcconfig */,
			);
			path = Pods;
			sourceTree = "<group>";
		};
		F5254E0927B3F2D200FA62CA = {
			isa = PBXGroup;
			children = (
				F5254E1427B3F2D200FA62CA /* lesson1 */,
				F5254E1327B3F2D200FA62CA /* Products */,
				A95A25032CA419ABA722B72E /* Pods */,
				55A8C1E659CB5AEF533DAFE1 /* Frameworks */,
			);
			sourceTree = "<group>";
		};
		F5254E1327B3F2D200FA62CA /* Products */ = {
			isa = PBXGroup;
			children = (
				F5254E1227B3F2D200FA62CA /* lesson1.app */,
			);
			name = Products;
			sourceTree = "<group>";
		};
		F5254E1427B3F2D200FA62CA /* lesson1 */ = {
			isa = PBXGroup;
			children = (
				F5254E1527B3F2D200FA62CA /* AppDelegate.swift */,
				F5254E3127B7CF3400FA62CA /* Help.swift */,
				F5254E2927B4079F00FA62CA /* MainController.swift */,
				F5254E2F27B7CACA00FA62CA /* InfoFromLogin.swift */,
				F5254E2B27B7C63600FA62CA /* ForgotPassword.swift */,
				F5254E2D27B7C9EF00FA62CA /* Register.swift */,
				F5254E1727B3F2D200FA62CA /* SceneDelegate.swift */,
				F5254E1927B3F2D200FA62CA /* ViewController.swift */,
				F5254E1B27B3F2D200FA62CA /* Main.storyboard */,
				F5254E1E27B3F2D400FA62CA /* Assets.xcassets */,
				F5254E2027B3F2D400FA62CA /* LaunchScreen.storyboard */,
				F5254E2327B3F2D400FA62CA /* Info.plist */,
			);
			path = lesson1;
			sourceTree = "<group>";
		};
/* End PBXGroup section */

/* Begin PBXNativeTarget section */
		F5254E1127B3F2D200FA62CA /* lesson1 */ = {
			isa = PBXNativeTarget;
			buildConfigurationList = F5254E2627B3F2D400FA62CA /* Build configuration list for PBXNativeTarget "lesson1" */;
			buildPhases = (
				A9C000256AA263E43C40728A /* [CP] Check Pods Manifest.lock */,
				F5254E0E27B3F2D200FA62CA /* Sources */,
				F5254E0F27B3F2D200FA62CA /* Frameworks */,
				F5254E1027B3F2D200FA62CA /* Resources */,
				81ECDE7E784995518EA06B22 /* [CP] Embed Pods Frameworks */,
			);
			buildRules = (
			);
			dependencies = (
			);
			name = lesson1;
			productName = lesson1;
			productReference = F5254E1227B3F2D200FA62CA /* lesson1.app */;
			productType = "com.apple.product-type.application";
		};
/* End PBXNativeTarget section */

/* Begin PBXProject section */
		F5254E0A27B3F2D200FA62CA /* Project object */ = {
			isa = PBXProject;
			attributes = {
				BuildIndependentTargetsInParallel = 1;
				LastSwiftUpdateCheck = 1320;
				LastUpgradeCheck = 1320;
				TargetAttributes = {
					F5254E1127B3F2D200FA62CA = {
						CreatedOnToolsVersion = 13.2.1;
					};
				};
			};
			buildConfigurationList = F5254E0D27B3F2D200FA62CA /* Build configuration list for PBXProject "lesson1" */;
			compatibilityVersion = "Xcode 13.0";
			developmentRegion = en;
			hasScannedForEncodings = 0;
			knownRegions = (
				en,
				Base,
			);
			mainGroup = F5254E0927B3F2D200FA62CA;
			productRefGroup = F5254E1327B3F2D200FA62CA /* Products */;
			projectDirPath = "";
			projectRoot = "";
			targets = (
				F5254E1127B3F2D200FA62CA /* lesson1 */,
			);
		};
/* End PBXProject section */

/* Begin PBXResourcesBuildPhase section */
		F5254E1027B3F2D200FA62CA /* Resources */ = {
			isa = PBXResourcesBuildPhase;
			buildActionMask = 2147483647;
			files = (
				F5254E2227B3F2D400FA62CA /* LaunchScreen.storyboard in Resources */,
				F5254E1F27B3F2D400FA62CA /* Assets.xcassets in Resources */,
				F5254E1D27B3F2D200FA62CA /* Main.storyboard in Resources */,
			);
			runOnlyForDeploymentPostprocessing = 0;
		};
/* End PBXResourcesBuildPhase section */

/* Begin PBXShellScriptBuildPhase section */
		81ECDE7E784995518EA06B22 /* [CP] Embed Pods Frameworks */ = {
			isa = PBXShellScriptBuildPhase;
			buildActionMask = 2147483647;
			files = (
			);
			inputFileListPaths = (
				"${PODS_ROOT}/Target Support Files/Pods-lesson1/Pods-lesson1-frameworks-${CONFIGURATION}-input-files.xcfilelist",
			);
			name = "[CP] Embed Pods Frameworks";
			outputFileListPaths = (
				"${PODS_ROOT}/Target Support Files/Pods-lesson1/Pods-lesson1-frameworks-${CONFIGURATION}-output-files.xcfilelist",
			);
			runOnlyForDeploymentPostprocessing = 0;
			shellPath = /bin/sh;
			shellScript = "\"${PODS_ROOT}/Target Support Files/Pods-lesson1/Pods-lesson1-frameworks.sh\"\n";
			showEnvVarsInLog = 0;
		};
		A9C000256AA263E43C40728A /* [CP] Check Pods Manifest.lock */ = {
			isa = PBXShellScriptBuildPhase;
			buildActionMask = 2147483647;
			files = (
			);
			inputFileListPaths = (
			);
			inputPaths = (
				"${PODS_PODFILE_DIR_PATH}/Podfile.lock",
				"${PODS_ROOT}/Manifest.lock",
			);
			name = "[CP] Check Pods Manifest.lock";
			outputFileListPaths = (
			);
			outputPaths = (
				"$(DERIVED_FILE_DIR)/Pods-lesson1-checkManifestLockResult.txt",
			);
			runOnlyForDeploymentPostprocessing = 0;
			shellPath = /bin/sh;
			shellScript = "diff \"${PODS_PODFILE_DIR_PATH}/Podfile.lock\" \"${PODS_ROOT}/Manifest.lock\" > /dev/null\nif [ $? != 0 ] ; then\n    # print error to STDERR\n    echo \"error: The sandbox is not in sync with the Podfile.lock. Run 'pod install' or update your CocoaPods installation.\" >&2\n    exit 1\nfi\n# This output is used by Xcode 'outputs' to avoid re-running this script phase.\necho \"SUCCESS\" > \"${SCRIPT_OUTPUT_FILE_0}\"\n";
			showEnvVarsInLog = 0;
		};
/* End PBXShellScriptBuildPhase section */

/* Begin PBXSourcesBuildPhase section */
		F5254E0E27B3F2D200FA62CA /* Sources */ = {
			isa = PBXSourcesBuildPhase;
			buildActionMask = 2147483647;
			files = (
				F5254E2E27B7C9F000FA62CA /* Register.swift in Sources */,
				F5254E2A27B4079F00FA62CA /* MainController.swift in Sources */,
				F5254E1A27B3F2D200FA62CA /* ViewController.swift in Sources */,
				F5254E1627B3F2D200FA62CA /* AppDelegate.swift in Sources */,
				F5254E1827B3F2D200FA62CA /* SceneDelegate.swift in Sources */,
				F5254E3027B7CACA00FA62CA /* InfoFromLogin.swift in Sources */,
				F5254E3227B7CF3400FA62CA /* Help.swift in Sources */,
				F5254E2C27B7C63600FA62CA /* ForgotPassword.swift in Sources */,
			);
			runOnlyForDeploymentPostprocessing = 0;
		};
/* End PBXSourcesBuildPhase section */

/* Begin PBXVariantGroup section */
		F5254E1B27B3F2D200FA62CA /* Main.storyboard */ = {
			isa = PBXVariantGroup;
			children = (
				F5254E1C27B3F2D200FA62CA /* Base */,
			);
			name = Main.storyboard;
			sourceTree = "<group>";
		};
		F5254E2027B3F2D400FA62CA /* LaunchScreen.storyboard */ = {
			isa = PBXVariantGroup;
			children = (
				F5254E2127B3F2D400FA62CA /* Base */,
			);
			name = LaunchScreen.storyboard;
			sourceTree = "<group>";
		};
/* End PBXVariantGroup section */

/* Begin XCBuildConfiguration section */
		F5254E2427B3F2D400FA62CA /* Debug */ = {
			isa = XCBuildConfiguration;
			buildSettings = {
				ALWAYS_SEARCH_USER_PATHS = NO;
				CLANG_ANALYZER_NONNULL = YES;
				CLANG_ANALYZER_NUMBER_OBJECT_CONVERSION = YES_AGGRESSIVE;
				CLANG_CXX_LANGUAGE_STANDARD = "gnu++17";
				CLANG_CXX_LIBRARY = "libc++";
				CLANG_ENABLE_MODULES = YES;
				CLANG_ENABLE_OBJC_ARC = YES;
				CLANG_ENABLE_OBJC_WEAK = YES;
				CLANG_WARN_BLOCK_CAPTURE_AUTORELEASING = YES;
				CLANG_WARN_BOOL_CONVERSION = YES;
				CLANG_WARN_COMMA = YES;
				CLANG_WARN_CONSTANT_CONVERSION = YES;
				CLANG_WARN_DEPRECATED_OBJC_IMPLEMENTATIONS = YES;
				CLANG_WARN_DIRECT_OBJC_ISA_USAGE = YES_ERROR;
				CLANG_WARN_DOCUMENTATION_COMMENTS = YES;
				CLANG_WARN_EMPTY_BODY = YES;
				CLANG_WARN_ENUM_CONVERSION = YES;
				CLANG_WARN_INFINITE_RECURSION = YES;
				CLANG_WARN_INT_CONVERSION = YES;
				CLANG_WARN_NON_LITERAL_NULL_CONVERSION = YES;
				CLANG_WARN_OBJC_IMPLICIT_RETAIN_SELF = YES;
				CLANG_WARN_OBJC_LITERAL_CONVERSION = YES;
				CLANG_WARN_OBJC_ROOT_CLASS = YES_ERROR;
				CLANG_WARN_QUOTED_INCLUDE_IN_FRAMEWORK_HEADER = YES;
				CLANG_WARN_RANGE_LOOP_ANALYSIS = YES;
				CLANG_WARN_STRICT_PROTOTYPES = YES;
				CLANG_WARN_SUSPICIOUS_MOVE = YES;
				CLANG_WARN_UNGUARDED_AVAILABILITY = YES_AGGRESSIVE;
				CLANG_WARN_UNREACHABLE_CODE = YES;
				CLANG_WARN__DUPLICATE_METHOD_MATCH = YES;
				COPY_PHASE_STRIP = NO;
				DEBUG_INFORMATION_FORMAT = dwarf;
				ENABLE_STRICT_OBJC_MSGSEND = YES;
				ENABLE_TESTABILITY = YES;
				GCC_C_LANGUAGE_STANDARD = gnu11;
				GCC_DYNAMIC_NO_PIC = NO;
				GCC_NO_COMMON_BLOCKS = YES;
				GCC_OPTIMIZATION_LEVEL = 0;
				GCC_PREPROCESSOR_DEFINITIONS = (
					"DEBUG=1",
					"$(inherited)",
				);
				GCC_WARN_64_TO_32_BIT_CONVERSION = YES;
				GCC_WARN_ABOUT_RETURN_TYPE = YES_ERROR;
				GCC_WARN_UNDECLARED_SELECTOR = YES;
				GCC_WARN_UNINITIALIZED_AUTOS = YES_AGGRESSIVE;
				GCC_WARN_UNUSED_FUNCTION = YES;
				GCC_WARN_UNUSED_VARIABLE = YES;
				IPHONEOS_DEPLOYMENT_TARGET = 15.2;
				MTL_ENABLE_DEBUG_INFO = INCLUDE_SOURCE;
				MTL_FAST_MATH = YES;
				ONLY_ACTIVE_ARCH = YES;
				SDKROOT = iphoneos;
				SWIFT_ACTIVE_COMPILATION_CONDITIONS = DEBUG;
				SWIFT_OPTIMIZATION_LEVEL = "-Onone";
			};
			name = Debug;
		};
		F5254E2527B3F2D400FA62CA /* Release */ = {
			isa = XCBuildConfiguration;
			buildSettings = {
				ALWAYS_SEARCH_USER_PATHS = NO;
				CLANG_ANALYZER_NONNULL = YES;
				CLANG_ANALYZER_NUMBER_OBJECT_CONVERSION = YES_AGGRESSIVE;
				CLANG_CXX_LANGUAGE_STANDARD = "gnu++17";
				CLANG_CXX_LIBRARY = "libc++";
				CLANG_ENABLE_MODULES = YES;
				CLANG_ENABLE_OBJC_ARC = YES;
				CLANG_ENABLE_OBJC_WEAK = YES;
				CLANG_WARN_BLOCK_CAPTURE_AUTORELEASING = YES;
				CLANG_WARN_BOOL_CONVERSION = YES;
				CLANG_WARN_COMMA = YES;
				CLANG_WARN_CONSTANT_CONVERSION = YES;
				CLANG_WARN_DEPRECATED_OBJC_IMPLEMENTATIONS = YES;
				CLANG_WARN_DIRECT_OBJC_ISA_USAGE = YES_ERROR;
				CLANG_WARN_DOCUMENTATION_COMMENTS = YES;
				CLANG_WARN_EMPTY_BODY = YES;
				CLANG_WARN_ENUM_CONVERSION = YES;
				CLANG_WARN_INFINITE_RECURSION = YES;
				CLANG_WARN_INT_CONVERSION = YES;
				CLANG_WARN_NON_LITERAL_NULL_CONVERSION = YES;
				CLANG_WARN_OBJC_IMPLICIT_RETAIN_SELF = YES;
				CLANG_WARN_OBJC_LITERAL_CONVERSION = YES;
				CLANG_WARN_OBJC_ROOT_CLASS = YES_ERROR;
				CLANG_WARN_QUOTED_INCLUDE_IN_FRAMEWORK_HEADER = YES;
				CLANG_WARN_RANGE_LOOP_ANALYSIS = YES;
				CLANG_WARN_STRICT_PROTOTYPES = YES;
				CLANG_WARN_SUSPICIOUS_MOVE = YES;
				CLANG_WARN_UNGUARDED_AVAILABILITY = YES_AGGRESSIVE;
				CLANG_WARN_UNREACHABLE_CODE = YES;
				CLANG_WARN__DUPLICATE_METHOD_MATCH = YES;
				COPY_PHASE_STRIP = NO;
				DEBUG_INFORMATION_FORMAT = "dwarf-with-dsym";
				ENABLE_NS_ASSERTIONS = NO;
				ENABLE_STRICT_OBJC_MSGSEND = YES;
				GCC_C_LANGUAGE_STANDARD = gnu11;
				GCC_NO_COMMON_BLOCKS = YES;
				GCC_WARN_64_TO_32_BIT_CONVERSION = YES;
				GCC_WARN_ABOUT_RETURN_TYPE = YES_ERROR;
				GCC_WARN_UNDECLARED_SELECTOR = YES;
				GCC_WARN_UNINITIALIZED_AUTOS = YES_AGGRESSIVE;
				GCC_WARN_UNUSED_FUNCTION = YES;
				GCC_WARN_UNUSED_VARIABLE = YES;
				IPHONEOS_DEPLOYMENT_TARGET = 15.2;
				MTL_ENABLE_DEBUG_INFO = NO;
				MTL_FAST_MATH = YES;
				SDKROOT = iphoneos;
				SWIFT_COMPILATION_MODE = wholemodule;
				SWIFT_OPTIMIZATION_LEVEL = "-O";
				VALIDATE_PRODUCT = YES;
			};
			name = Release;
		};
		F5254E2727B3F2D400FA62CA /* Debug */ = {
			isa = XCBuildConfiguration;
			baseConfigurationReference = 3CAF13BBF281DC081268E7DA /* Pods-lesson1.debug.xcconfig */;
			buildSettings = {
				ASSETCATALOG_COMPILER_APPICON_NAME = AppIcon;
				ASSETCATALOG_COMPILER_GLOBAL_ACCENT_COLOR_NAME = AccentColor;
				CODE_SIGN_STYLE = Automatic;
				CURRENT_PROJECT_VERSION = 1;
				GENERATE_INFOPLIST_FILE = YES;
				INFOPLIST_FILE = lesson1/Info.plist;
				INFOPLIST_KEY_UIApplicationSupportsIndirectInputEvents = YES;
				INFOPLIST_KEY_UILaunchStoryboardName = LaunchScreen;
				INFOPLIST_KEY_UIMainStoryboardFile = Main;
				INFOPLIST_KEY_UISupportedInterfaceOrientations_iPad = "UIInterfaceOrientationPortrait UIInterfaceOrientationPortraitUpsideDown UIInterfaceOrientationLandscapeLeft UIInterfaceOrientationLandscapeRight";
				INFOPLIST_KEY_UISupportedInterfaceOrientations_iPhone = "UIInterfaceOrientationPortrait UIInterfaceOrientationLandscapeLeft UIInterfaceOrientationLandscapeRight";
				LD_RUNPATH_SEARCH_PATHS = (
					"$(inherited)",
					"@executable_path/Frameworks",
				);
				MARKETING_VERSION = 1.0;
				PRODUCT_BUNDLE_IDENTIFIER = samir.lesson1;
				PRODUCT_NAME = "$(TARGET_NAME)";
				SWIFT_EMIT_LOC_STRINGS = YES;
				SWIFT_VERSION = 5.0;
				TARGETED_DEVICE_FAMILY = "1,2";
			};
			name = Debug;
		};
		F5254E2827B3F2D400FA62CA /* Release */ = {
			isa = XCBuildConfiguration;
			baseConfigurationReference = 7F470978CF59E0533B8F0282 /* Pods-lesson1.release.xcconfig */;
			buildSettings = {
				ASSETCATALOG_COMPILER_APPICON_NAME = AppIcon;
				ASSETCATALOG_COMPILER_GLOBAL_ACCENT_COLOR_NAME = AccentColor;
				CODE_SIGN_STYLE = Automatic;
				CURRENT_PROJECT_VERSION = 1;
				GENERATE_INFOPLIST_FILE = YES;
				INFOPLIST_FILE = lesson1/Info.plist;
				INFOPLIST_KEY_UIApplicationSupportsIndirectInputEvents = YES;
				INFOPLIST_KEY_UILaunchStoryboardName = LaunchScreen;
				INFOPLIST_KEY_UIMainStoryboardFile = Main;
				INFOPLIST_KEY_UISupportedInterfaceOrientations_iPad = "UIInterfaceOrientationPortrait UIInterfaceOrientationPortraitUpsideDown UIInterfaceOrientationLandscapeLeft UIInterfaceOrientationLandscapeRight";
				INFOPLIST_KEY_UISupportedInterfaceOrientations_iPhone = "UIInterfaceOrientationPortrait UIInterfaceOrientationLandscapeLeft UIInterfaceOrientationLandscapeRight";
				LD_RUNPATH_SEARCH_PATHS = (
					"$(inherited)",
					"@executable_path/Frameworks",
				);
				MARKETING_VERSION = 1.0;
				PRODUCT_BUNDLE_IDENTIFIER = samir.lesson1;
				PRODUCT_NAME = "$(TARGET_NAME)";
				SWIFT_EMIT_LOC_STRINGS = YES;
				SWIFT_VERSION = 5.0;
				TARGETED_DEVICE_FAMILY = "1,2";
			};
			name = Release;
		};
/* End XCBuildConfiguration section */

/* Begin XCConfigurationList section */
		F5254E0D27B3F2D200FA62CA /* Build configuration list for PBXProject "lesson1" */ = {
			isa = XCConfigurationList;
			buildConfigurations = (
				F5254E2427B3F2D400FA62CA /* Debug */,
				F5254E2527B3F2D400FA62CA /* Release */,
			);
			defaultConfigurationIsVisible = 0;
			defaultConfigurationName = Release;
		};
		F5254E2627B3F2D400FA62CA /* Build configuration list for PBXNativeTarget "lesson1" */ = {
			isa = XCConfigurationList;
			buildConfigurations = (
				F5254E2727B3F2D400FA62CA /* Debug */,
				F5254E2827B3F2D400FA62CA /* Release */,
			);
			defaultConfigurationIsVisible = 0;
			defaultConfigurationName = Release;
		};
/* End XCConfigurationList section */
	};
	rootObject = F5254E0A27B3F2D200FA62CA /* Project object */;
}
